
Microsoft Visual Studio Solution File, Format Version 12.00
# Visual Studio 15
VisualStudioVersion = 15.0.26730.12
MinimumVisualStudioVersion = 10.0.40219.1
Project("{FAE04EC0-301F-11D3-BF4B-00C04F79EFBC}") = "FuncionalWeb", "FuncionalWeb\FuncionalWeb.csproj", "{EC157952-2966-43E5-BB65-D2041773D674}"
EndProject
Project("{FAE04EC0-301F-11D3-BF4B-00C04F79EFBC}") = "FuncionalConsole", "FuncionalCOnsole\FuncionalConsole.csproj", "{09D7521A-B242-4431-B0C2-AB84196882EA}"
EndProject
Global
	GlobalSection(SolutionConfigurationPlatforms) = preSolution
		Debug|Any CPU = Debug|Any CPU
		Release|Any CPU = Release|Any CPU
	EndGlobalSection
	GlobalSection(ProjectConfigurationPlatforms) = postSolution
		{EC157952-2966-43E5-BB65-D2041773D674}.Debug|Any CPU.ActiveCfg = Debug|Any CPU
		{EC157952-2966-43E5-BB65-D2041773D674}.Debug|Any CPU.Build.0 = Debug|Any CPU
		{EC157952-2966-43E5-BB65-D2041773D674}.Release|Any CPU.ActiveCfg = Release|Any CPU
		{EC157952-2966-43E5-BB65-D2041773D674}.Release|Any CPU.Build.0 = Release|Any CPU
		{09D7521A-B242-4431-B0C2-AB84196882EA}.Debug|Any CPU.ActiveCfg = Debug|Any CPU
		{09D7521A-B242-4431-B0C2-AB84196882EA}.Debug|Any CPU.Build.0 = Debug|Any CPU
		{09D7521A-B242-4431-B0C2-AB84196882EA}.Release|Any CPU.ActiveCfg = Release|Any CPU
		{09D7521A-B242-4431-B0C2-AB84196882EA}.Release|Any CPU.Build.0 = Release|Any CPU
	EndGlobalSection
	GlobalSection(SolutionProperties) = preSolution
		HideSolutionNode = FALSE
	EndGlobalSection
	GlobalSection(ExtensibilityGlobals) = postSolution
		SolutionGuid = {AEF883C8-E3D1-49AB-9224-8517A0CB7DC9}
	EndGlobalSection
EndGlobal
